
Microsoft Visual Studio Solution File, Format Version 12.00
# Visual Studio 15
Project("{FAE04EC0-301F-11D3-BF4B-00C04F79EFBC}") = "Assembly-CSharp", "Assembly-CSharp.csproj", "{ADF61D97-CDAD-E86C-BFFB-00403F76C953}"
EndProject
Project("{FAE04EC0-301F-11D3-BF4B-00C04F79EFBC}") = "Assembly-CSharp-firstpass", "Assembly-CSharp-firstpass.csproj", "{993E4AF6-9402-EBF1-31FC-518C73A65352}"
EndProject
Project("{FAE04EC0-301F-11D3-BF4B-00C04F79EFBC}") = "Assembly-CSharp-Editor-firstpass", "Assembly-CSharp-Editor-firstpass.csproj", "{C1EF873A-31E9-209B-1413-320262F743B3}"
EndProject
Global
	GlobalSection(SolutionConfigurationPlatforms) = preSolution
		Debug|Any CPU = Debug|Any CPU
		Release|Any CPU = Release|Any CPU
	EndGlobalSection
	GlobalSection(ProjectConfigurationPlatforms) = postSolution
		{ADF61D97-CDAD-E86C-BFFB-00403F76C953}.Debug|Any CPU.ActiveCfg = Debug|Any CPU
		{ADF61D97-CDAD-E86C-BFFB-00403F76C953}.Debug|Any CPU.Build.0 = Debug|Any CPU
		{ADF61D97-CDAD-E86C-BFFB-00403F76C953}.Release|Any CPU.ActiveCfg = Release|Any CPU
		{ADF61D97-CDAD-E86C-BFFB-00403F76C953}.Release|Any CPU.Build.0 = Release|Any CPU
		{993E4AF6-9402-EBF1-31FC-518C73A65352}.Debug|Any CPU.ActiveCfg = Debug|Any CPU
		{993E4AF6-9402-EBF1-31FC-518C73A65352}.Debug|Any CPU.Build.0 = Debug|Any CPU
		{993E4AF6-9402-EBF1-31FC-518C73A65352}.Release|Any CPU.ActiveCfg = Release|Any CPU
		{993E4AF6-9402-EBF1-31FC-518C73A65352}.Release|Any CPU.Build.0 = Release|Any CPU
		{C1EF873A-31E9-209B-1413-320262F743B3}.Debug|Any CPU.ActiveCfg = Debug|Any CPU
		{C1EF873A-31E9-209B-1413-320262F743B3}.Debug|Any CPU.Build.0 = Debug|Any CPU
		{C1EF873A-31E9-209B-1413-320262F743B3}.Release|Any CPU.ActiveCfg = Release|Any CPU
		{C1EF873A-31E9-209B-1413-320262F743B3}.Release|Any CPU.Build.0 = Release|Any CPU
	EndGlobalSection
	GlobalSection(SolutionProperties) = preSolution
		HideSolutionNode = FALSE
	EndGlobalSection
EndGlobal
